schema: '2.0'
stages:
  data_ingestion:
    cmd: python src/data/data_ingestion.py
    deps:
    - path: src/data/data_ingestion.py
      hash: md5
      md5: 07e3c415be2385aad91d5dc0ef43981c
      size: 3547
    params:
      params.yaml:
        data_ingestion.test_size: 0.3
    outs:
    - path: data/raw
      hash: md5
      md5: 03b3b604b1f92a17191a7fc947e576d6.dir
      size: 827973
      nfiles: 2
  data_preprocessing:
    cmd: python src/data/data_preprocessing.py
    deps:
    - path: data/raw
      hash: md5
      md5: 03b3b604b1f92a17191a7fc947e576d6.dir
      size: 827973
      nfiles: 2
    - path: src/data/data_preprocessing.py
      hash: md5
      md5: e78e784966cc0b140d9ec0333c9ec574
      size: 4020
    outs:
    - path: data/interim
      hash: md5
      md5: 5dc0cd6aef8578eb36f1b67dc4d67723.dir
      size: 566210
      nfiles: 2
  feature_engineering:
    cmd: python src/features/feature_engineering.py
    deps:
    - path: data/interim
      hash: md5
      md5: 5dc0cd6aef8578eb36f1b67dc4d67723.dir
      size: 566210
      nfiles: 2
    - path: src/features/feature_engineering.py
      hash: md5
      md5: 66b9de0f0d4710d9ea56a21a58442bf2
      size: 3795
    params:
      params.yaml:
        feature_engineering.max_features: 60
    outs:
    - path: data/processed
      hash: md5
      md5: f439eca3a94a02320dc48e0dd6bd6ed3.dir
      size: 2777780
      nfiles: 2
  model_building:
    cmd: python src/model/model_building.py
    deps:
    - path: data/processed
      hash: md5
      md5: f439eca3a94a02320dc48e0dd6bd6ed3.dir
      size: 2777780
      nfiles: 2
    - path: src/model/model_building.py
      hash: md5
      md5: 754aad40354e6b0ee3a1ecdddf7b036d
      size: 3083
    params:
      params.yaml:
        model_building.learning_rate: 0.15
        model_building.n_estimators: 25
    outs:
    - path: models/model.pkl
      hash: md5
      md5: 54619ea1aaa475885298a2a3e9310d82
      size: 39202
  model_evaluation:
    cmd: python src/model/model_evaluation.py
    deps:
    - path: models/model.pkl
      hash: md5
      md5: 54619ea1aaa475885298a2a3e9310d82
      size: 39202
    - path: src/model/model_evaluation.py
      hash: md5
      md5: c99aac7c553594963765bc5ea846893b
      size: 3385
    outs:
    - path: reports/metrics.json
      hash: md5
      md5: b76aec6d6ddca9d5b8cbac3db6148cab
      size: 145
